
Microsoft Visual Studio Solution File, Format Version 12.00
Project("{FAE04EC0-301F-11D3-BF4B-00C04F79EFBC}") = "DesignPatternDemo", "DesignPatternDemo.csproj", "{FEE7C433-185E-4D98-AF90-7E7B269CBB95}"
EndProject
Global
	GlobalSection(SolutionConfigurationPlatforms) = preSolution
		Debug|Any CPU = Debug|Any CPU
		Release|Any CPU = Release|Any CPU
	EndGlobalSection
	GlobalSection(ProjectConfigurationPlatforms) = postSolution
		{FEE7C433-185E-4D98-AF90-7E7B269CBB95}.Debug|Any CPU.ActiveCfg = Debug|Any CPU
		{FEE7C433-185E-4D98-AF90-7E7B269CBB95}.Debug|Any CPU.Build.0 = Debug|Any CPU
		{FEE7C433-185E-4D98-AF90-7E7B269CBB95}.Release|Any CPU.ActiveCfg = Release|Any CPU
		{FEE7C433-185E-4D98-AF90-7E7B269CBB95}.Release|Any CPU.Build.0 = Release|Any CPU
	EndGlobalSection
EndGlobal
